
Microsoft Visual Studio Solution File, Format Version 11.00
# Visual Studio 2010
Project("{FAE04EC0-301F-11D3-BF4B-00C04F79EFBC}") = "WindowsFormsToolkit", "WindowsFormsToolkit\WindowsFormsToolkit.csproj", "{8D842E08-F1F5-45BD-8ADC-AA31E6233ACE}"
EndProject
Project("{FAE04EC0-301F-11D3-BF4B-00C04F79EFBC}") = "TestApplication", "TestApplication\TestApplication.csproj", "{9ABF6C74-A84E-436C-ABEF-79DFA092DDD3}"
EndProject
Global
	GlobalSection(TeamFoundationVersionControl) = preSolution
		SccNumberOfProjects = 3
		SccEnterpriseProvider = {4CA58AB2-18FA-4F8D-95D4-32DDF27D184C}
		SccTeamFoundationServer = https://tfs.codeplex.com/tfs/tfs01
		SccLocalPath0 = .
		SccProjectUniqueName1 = WindowsFormsToolkit\\WindowsFormsToolkit.csproj
		SccProjectName1 = WindowsFormsToolkit
		SccLocalPath1 = WindowsFormsToolkit
		SccProjectUniqueName2 = TestApplication\\TestApplication.csproj
		SccProjectName2 = TestApplication
		SccLocalPath2 = TestApplication
	EndGlobalSection
	GlobalSection(SolutionConfigurationPlatforms) = preSolution
		Debug|Any CPU = Debug|Any CPU
		Debug|Mixed Platforms = Debug|Mixed Platforms
		Debug|x86 = Debug|x86
		Release|Any CPU = Release|Any CPU
		Release|Mixed Platforms = Release|Mixed Platforms
		Release|x86 = Release|x86
	EndGlobalSection
	GlobalSection(ProjectConfigurationPlatforms) = postSolution
		{8D842E08-F1F5-45BD-8ADC-AA31E6233ACE}.Debug|Any CPU.ActiveCfg = Debug|Any CPU
		{8D842E08-F1F5-45BD-8ADC-AA31E6233ACE}.Debug|Any CPU.Build.0 = Debug|Any CPU
		{8D842E08-F1F5-45BD-8ADC-AA31E6233ACE}.Debug|Mixed Platforms.ActiveCfg = Debug|Any CPU
		{8D842E08-F1F5-45BD-8ADC-AA31E6233ACE}.Debug|Mixed Platforms.Build.0 = Debug|Any CPU
		{8D842E08-F1F5-45BD-8ADC-AA31E6233ACE}.Debug|x86.ActiveCfg = Debug|Any CPU
		{8D842E08-F1F5-45BD-8ADC-AA31E6233ACE}.Release|Any CPU.ActiveCfg = Release|Any CPU
		{8D842E08-F1F5-45BD-8ADC-AA31E6233ACE}.Release|Any CPU.Build.0 = Release|Any CPU
		{8D842E08-F1F5-45BD-8ADC-AA31E6233ACE}.Release|Mixed Platforms.ActiveCfg = Release|Any CPU
		{8D842E08-F1F5-45BD-8ADC-AA31E6233ACE}.Release|Mixed Platforms.Build.0 = Release|Any CPU
		{8D842E08-F1F5-45BD-8ADC-AA31E6233ACE}.Release|x86.ActiveCfg = Release|Any CPU
		{9ABF6C74-A84E-436C-ABEF-79DFA092DDD3}.Debug|Any CPU.ActiveCfg = Debug|x86
		{9ABF6C74-A84E-436C-ABEF-79DFA092DDD3}.Debug|Mixed Platforms.ActiveCfg = Debug|x86
		{9ABF6C74-A84E-436C-ABEF-79DFA092DDD3}.Debug|Mixed Platforms.Build.0 = Debug|x86
		{9ABF6C74-A84E-436C-ABEF-79DFA092DDD3}.Debug|x86.ActiveCfg = Debug|x86
		{9ABF6C74-A84E-436C-ABEF-79DFA092DDD3}.Debug|x86.Build.0 = Debug|x86
		{9ABF6C74-A84E-436C-ABEF-79DFA092DDD3}.Release|Any CPU.ActiveCfg = Release|x86
		{9ABF6C74-A84E-436C-ABEF-79DFA092DDD3}.Release|Mixed Platforms.ActiveCfg = Release|x86
		{9ABF6C74-A84E-436C-ABEF-79DFA092DDD3}.Release|Mixed Platforms.Build.0 = Release|x86
		{9ABF6C74-A84E-436C-ABEF-79DFA092DDD3}.Release|x86.ActiveCfg = Release|x86
		{9ABF6C74-A84E-436C-ABEF-79DFA092DDD3}.Release|x86.Build.0 = Release|x86
	EndGlobalSection
	GlobalSection(SolutionProperties) = preSolution
		HideSolutionNode = FALSE
	EndGlobalSection
EndGlobal
